
Microsoft Visual Studio Solution File, Format Version 12.00
Project("{2150E333-8FDC-42A3-9474-1A3956D46DE8}") = "UserService", "UserService", "{5C4BE002-014B-4E06-B4DB-B510E78CD225}"
EndProject
Project("{FAE04EC0-301F-11D3-BF4B-00C04F79EFBC}") = "UserService.API", "Backend\UserService\UserService.API\UserService.API.csproj", "{4797EAFE-0F28-4A3D-8734-B3DEF1C827A9}"
EndProject
Project("{FAE04EC0-301F-11D3-BF4B-00C04F79EFBC}") = "UserService.Application", "Backend\UserService\UserService.Application\UserService.Application.csproj", "{4239A742-CA18-4E86-A3BB-01B3A657F782}"
EndProject
Project("{FAE04EC0-301F-11D3-BF4B-00C04F79EFBC}") = "UserService.Domain", "Backend\UserService\UserService.Domain\UserService.Domain.csproj", "{7EC6F1F7-0D79-4605-A6D0-741F71A90EF3}"
EndProject
Project("{FAE04EC0-301F-11D3-BF4B-00C04F79EFBC}") = "UserService.Infrastructure", "Backend\UserService\UserService.Infrastructure\UserService.Infrastructure.csproj", "{9C8D4298-4F84-48E9-A8B5-364C03E6B0FB}"
EndProject
Project("{2150E333-8FDC-42A3-9474-1A3956D46DE8}") = "NoteService", "NoteService", "{B286986D-4318-411A-8592-048AD35ABB53}"
EndProject
Project("{FAE04EC0-301F-11D3-BF4B-00C04F79EFBC}") = "NoteService.API", "Backend\NoteService\NoteService.API\NoteService.API.csproj", "{F047EC1F-D8C8-4E06-8F8C-0DE12C58D3F1}"
EndProject
Project("{FAE04EC0-301F-11D3-BF4B-00C04F79EFBC}") = "NoteService.Application", "Backend\NoteService\NoteService.Application\NoteService.Application.csproj", "{7F50ADB0-DDD4-4275-AC93-E8E26AD62E10}"
EndProject
Project("{FAE04EC0-301F-11D3-BF4B-00C04F79EFBC}") = "NoteService.Domain", "Backend\NoteService\NoteService.Domain\NoteService.Domain.csproj", "{83B98223-0E39-4BBD-85EE-67EBD1EAC852}"
EndProject
Project("{FAE04EC0-301F-11D3-BF4B-00C04F79EFBC}") = "NoteService.Infrastructure", "Backend\NoteService\NoteService.Infrastructure\NoteService.Infrastructure.csproj", "{66F22ECA-067B-4996-87B1-6A09499FA98E}"
EndProject
Global
	GlobalSection(SolutionConfigurationPlatforms) = preSolution
		Debug|Any CPU = Debug|Any CPU
		Release|Any CPU = Release|Any CPU
	EndGlobalSection
	GlobalSection(ProjectConfigurationPlatforms) = postSolution
		{4797EAFE-0F28-4A3D-8734-B3DEF1C827A9}.Debug|Any CPU.ActiveCfg = Debug|Any CPU
		{4797EAFE-0F28-4A3D-8734-B3DEF1C827A9}.Debug|Any CPU.Build.0 = Debug|Any CPU
		{4797EAFE-0F28-4A3D-8734-B3DEF1C827A9}.Release|Any CPU.ActiveCfg = Release|Any CPU
		{4797EAFE-0F28-4A3D-8734-B3DEF1C827A9}.Release|Any CPU.Build.0 = Release|Any CPU
		{4239A742-CA18-4E86-A3BB-01B3A657F782}.Debug|Any CPU.ActiveCfg = Debug|Any CPU
		{4239A742-CA18-4E86-A3BB-01B3A657F782}.Debug|Any CPU.Build.0 = Debug|Any CPU
		{4239A742-CA18-4E86-A3BB-01B3A657F782}.Release|Any CPU.ActiveCfg = Release|Any CPU
		{4239A742-CA18-4E86-A3BB-01B3A657F782}.Release|Any CPU.Build.0 = Release|Any CPU
		{7EC6F1F7-0D79-4605-A6D0-741F71A90EF3}.Debug|Any CPU.ActiveCfg = Debug|Any CPU
		{7EC6F1F7-0D79-4605-A6D0-741F71A90EF3}.Debug|Any CPU.Build.0 = Debug|Any CPU
		{7EC6F1F7-0D79-4605-A6D0-741F71A90EF3}.Release|Any CPU.ActiveCfg = Release|Any CPU
		{7EC6F1F7-0D79-4605-A6D0-741F71A90EF3}.Release|Any CPU.Build.0 = Release|Any CPU
		{9C8D4298-4F84-48E9-A8B5-364C03E6B0FB}.Debug|Any CPU.ActiveCfg = Debug|Any CPU
		{9C8D4298-4F84-48E9-A8B5-364C03E6B0FB}.Debug|Any CPU.Build.0 = Debug|Any CPU
		{9C8D4298-4F84-48E9-A8B5-364C03E6B0FB}.Release|Any CPU.ActiveCfg = Release|Any CPU
		{9C8D4298-4F84-48E9-A8B5-364C03E6B0FB}.Release|Any CPU.Build.0 = Release|Any CPU
		{F047EC1F-D8C8-4E06-8F8C-0DE12C58D3F1}.Debug|Any CPU.ActiveCfg = Debug|Any CPU
		{F047EC1F-D8C8-4E06-8F8C-0DE12C58D3F1}.Debug|Any CPU.Build.0 = Debug|Any CPU
		{F047EC1F-D8C8-4E06-8F8C-0DE12C58D3F1}.Release|Any CPU.ActiveCfg = Release|Any CPU
		{F047EC1F-D8C8-4E06-8F8C-0DE12C58D3F1}.Release|Any CPU.Build.0 = Release|Any CPU
		{7F50ADB0-DDD4-4275-AC93-E8E26AD62E10}.Debug|Any CPU.ActiveCfg = Debug|Any CPU
		{7F50ADB0-DDD4-4275-AC93-E8E26AD62E10}.Debug|Any CPU.Build.0 = Debug|Any CPU
		{7F50ADB0-DDD4-4275-AC93-E8E26AD62E10}.Release|Any CPU.ActiveCfg = Release|Any CPU
		{7F50ADB0-DDD4-4275-AC93-E8E26AD62E10}.Release|Any CPU.Build.0 = Release|Any CPU
		{83B98223-0E39-4BBD-85EE-67EBD1EAC852}.Debug|Any CPU.ActiveCfg = Debug|Any CPU
		{83B98223-0E39-4BBD-85EE-67EBD1EAC852}.Debug|Any CPU.Build.0 = Debug|Any CPU
		{83B98223-0E39-4BBD-85EE-67EBD1EAC852}.Release|Any CPU.ActiveCfg = Release|Any CPU
		{83B98223-0E39-4BBD-85EE-67EBD1EAC852}.Release|Any CPU.Build.0 = Release|Any CPU
		{66F22ECA-067B-4996-87B1-6A09499FA98E}.Debug|Any CPU.ActiveCfg = Debug|Any CPU
		{66F22ECA-067B-4996-87B1-6A09499FA98E}.Debug|Any CPU.Build.0 = Debug|Any CPU
		{66F22ECA-067B-4996-87B1-6A09499FA98E}.Release|Any CPU.ActiveCfg = Release|Any CPU
		{66F22ECA-067B-4996-87B1-6A09499FA98E}.Release|Any CPU.Build.0 = Release|Any CPU
	EndGlobalSection
	GlobalSection(NestedProjects) = preSolution
		{4797EAFE-0F28-4A3D-8734-B3DEF1C827A9} = {5C4BE002-014B-4E06-B4DB-B510E78CD225}
		{4239A742-CA18-4E86-A3BB-01B3A657F782} = {5C4BE002-014B-4E06-B4DB-B510E78CD225}
		{7EC6F1F7-0D79-4605-A6D0-741F71A90EF3} = {5C4BE002-014B-4E06-B4DB-B510E78CD225}
		{9C8D4298-4F84-48E9-A8B5-364C03E6B0FB} = {5C4BE002-014B-4E06-B4DB-B510E78CD225}
		{F047EC1F-D8C8-4E06-8F8C-0DE12C58D3F1} = {B286986D-4318-411A-8592-048AD35ABB53}
		{7F50ADB0-DDD4-4275-AC93-E8E26AD62E10} = {B286986D-4318-411A-8592-048AD35ABB53}
		{83B98223-0E39-4BBD-85EE-67EBD1EAC852} = {B286986D-4318-411A-8592-048AD35ABB53}
		{66F22ECA-067B-4996-87B1-6A09499FA98E} = {B286986D-4318-411A-8592-048AD35ABB53}
	EndGlobalSection
EndGlobal
